github.com/sethvargo/go-envconfig v1.0.3 h1:ZDxFGT1M7RPX0wgDOCdZMidrEB+NrayYr6fL0/+pk4I=
github.com/sethvargo/go-envconfig v1.0.3/go.mod h1:JLd0KFWQYzyENqnEPWWZ49i4vzZo/6nRidxI8YvGiHw=
google.golang.org/protobuf v1.34.1 h1:9ddQBjfCyZPOHPUiPxpYESBLc+T8P3E+Vo4IbKZgFWg=
google.golang.org/protobuf v1.34.1/go.mod h1:c6P6GXX6sHbq/GpV6MGZEdwhWPcYBgnhAHhKbcUYpos=
